
Microsoft Visual Studio Solution File, Format Version 12.00
# Visual Studio Version 17
VisualStudioVersion = 17.6.33829.357
MinimumVisualStudioVersion = 10.0.40219.1
Project("{9A19103F-16F7-4668-BE54-9A1E7A4F7556}") = "WebProject", "WebProject\WebProject.csproj", "{57658AA5-5C55-4312-841A-E5C0F469B46F}"
EndProject
Global
	GlobalSection(SolutionConfigurationPlatforms) = preSolution
		Debug|Any CPU = Debug|Any CPU
		Release|Any CPU = Release|Any CPU
	EndGlobalSection
	GlobalSection(ProjectConfigurationPlatforms) = postSolution
		{57658AA5-5C55-4312-841A-E5C0F469B46F}.Debug|Any CPU.ActiveCfg = Debug|Any CPU
		{57658AA5-5C55-4312-841A-E5C0F469B46F}.Debug|Any CPU.Build.0 = Debug|Any CPU
		{57658AA5-5C55-4312-841A-E5C0F469B46F}.Release|Any CPU.ActiveCfg = Release|Any CPU
		{57658AA5-5C55-4312-841A-E5C0F469B46F}.Release|Any CPU.Build.0 = Release|Any CPU
	EndGlobalSection
	GlobalSection(SolutionProperties) = preSolution
		HideSolutionNode = FALSE
	EndGlobalSection
	GlobalSection(ExtensibilityGlobals) = postSolution
		SolutionGuid = {B5D05103-127B-499C-AC48-4B4C5CB2E099}
	EndGlobalSection
EndGlobal
